
Microsoft Visual Studio Solution File, Format Version 12.00
# Visual Studio Version 16
VisualStudioVersion = 16.0.30114.105
MinimumVisualStudioVersion = 10.0.40219.1
Project("{9A19103F-16F7-4668-BE54-9A1E7A4F7556}") = "ConsoleAppInheritance", "ConsoleAppInheritance\ConsoleAppInheritance.csproj", "{258C7797-B893-473E-93A9-0FE4024019D3}"
EndProject
Project("{FAE04EC0-301F-11D3-BF4B-00C04F79EFBC}") = "ConsoleAppInheritance.Tests", "ConsoleAppInheritance.Tests\ConsoleAppInheritance.Tests.csproj", "{C6503383-137F-4859-B5B7-D91203F2A134}"
EndProject
Global
	GlobalSection(SolutionConfigurationPlatforms) = preSolution
		Debug|Any CPU = Debug|Any CPU
		Release|Any CPU = Release|Any CPU
	EndGlobalSection
	GlobalSection(ProjectConfigurationPlatforms) = postSolution
		{258C7797-B893-473E-93A9-0FE4024019D3}.Debug|Any CPU.ActiveCfg = Debug|Any CPU
		{258C7797-B893-473E-93A9-0FE4024019D3}.Debug|Any CPU.Build.0 = Debug|Any CPU
		{258C7797-B893-473E-93A9-0FE4024019D3}.Release|Any CPU.ActiveCfg = Release|Any CPU
		{258C7797-B893-473E-93A9-0FE4024019D3}.Release|Any CPU.Build.0 = Release|Any CPU
		{C6503383-137F-4859-B5B7-D91203F2A134}.Debug|Any CPU.ActiveCfg = Debug|Any CPU
		{C6503383-137F-4859-B5B7-D91203F2A134}.Debug|Any CPU.Build.0 = Debug|Any CPU
		{C6503383-137F-4859-B5B7-D91203F2A134}.Release|Any CPU.ActiveCfg = Release|Any CPU
		{C6503383-137F-4859-B5B7-D91203F2A134}.Release|Any CPU.Build.0 = Release|Any CPU
	EndGlobalSection
	GlobalSection(SolutionProperties) = preSolution
		HideSolutionNode = FALSE
	EndGlobalSection
	GlobalSection(ExtensibilityGlobals) = postSolution
		SolutionGuid = {D2F79801-91FD-4F09-B56C-0183E43FE4A1}
	EndGlobalSection
EndGlobal
